
Microsoft Visual Studio Solution File, Format Version 12.00
# Visual Studio Version 17
VisualStudioVersion = 17.14.36623.8 d17.14
MinimumVisualStudioVersion = 10.0.40219.1
Project("{FAE04EC0-301F-11D3-BF4B-00C04F79EFBC}") = "QuanLyLichHoc", "QuanLyLichHoc\QuanLyLichHoc.csproj", "{56A33AFF-517E-4FD7-BE3B-B2C274C1C99B}"
EndProject
Global
	GlobalSection(SolutionConfigurationPlatforms) = preSolution
		Debug|Any CPU = Debug|Any CPU
		Release|Any CPU = Release|Any CPU
	EndGlobalSection
	GlobalSection(ProjectConfigurationPlatforms) = postSolution
		{56A33AFF-517E-4FD7-BE3B-B2C274C1C99B}.Debug|Any CPU.ActiveCfg = Debug|Any CPU
		{56A33AFF-517E-4FD7-BE3B-B2C274C1C99B}.Debug|Any CPU.Build.0 = Debug|Any CPU
		{56A33AFF-517E-4FD7-BE3B-B2C274C1C99B}.Release|Any CPU.ActiveCfg = Release|Any CPU
		{56A33AFF-517E-4FD7-BE3B-B2C274C1C99B}.Release|Any CPU.Build.0 = Release|Any CPU
	EndGlobalSection
	GlobalSection(SolutionProperties) = preSolution
		HideSolutionNode = FALSE
	EndGlobalSection
	GlobalSection(ExtensibilityGlobals) = postSolution
		SolutionGuid = {2CB7D5AC-2129-445F-A00D-0046453ADD0B}
	EndGlobalSection
EndGlobal
